
Microsoft Visual Studio Solution File, Format Version 12.00
# Visual Studio Version 17
VisualStudioVersion = 17.14.36804.6 d17.14
MinimumVisualStudioVersion = 10.0.40219.1
Project("{FAE04EC0-301F-11D3-BF4B-00C04F79EFBC}") = "KargoYazilimi.TransportMongoDb", "KargoYazilimi.TransportMongoDb\KargoYazilimi.TransportMongoDb.csproj", "{1D5D7761-80B5-4AD8-A538-D9350316BF3A}"
EndProject
Global
	GlobalSection(SolutionConfigurationPlatforms) = preSolution
		Debug|Any CPU = Debug|Any CPU
		Release|Any CPU = Release|Any CPU
	EndGlobalSection
	GlobalSection(ProjectConfigurationPlatforms) = postSolution
		{1D5D7761-80B5-4AD8-A538-D9350316BF3A}.Debug|Any CPU.ActiveCfg = Debug|Any CPU
		{1D5D7761-80B5-4AD8-A538-D9350316BF3A}.Debug|Any CPU.Build.0 = Debug|Any CPU
		{1D5D7761-80B5-4AD8-A538-D9350316BF3A}.Release|Any CPU.ActiveCfg = Release|Any CPU
		{1D5D7761-80B5-4AD8-A538-D9350316BF3A}.Release|Any CPU.Build.0 = Release|Any CPU
	EndGlobalSection
	GlobalSection(SolutionProperties) = preSolution
		HideSolutionNode = FALSE
	EndGlobalSection
	GlobalSection(ExtensibilityGlobals) = postSolution
		SolutionGuid = {D8FE672E-8601-4A8C-8F5C-8F834520E50A}
	EndGlobalSection
EndGlobal
